<?xml version="1.0"?>
<CONFIG>
  <ProjectOptions>
    <Version Value="9"/>
    <PathDelim Value="\"/>
    <General>
      <SessionStorage Value="InProjectDir"/>
      <MainUnit Value="0"/>
      <Title Value="davecad"/>
      <ResourceType Value="res"/>
      <UseXPManifest Value="True"/>
      <Icon Value="0"/>
    </General>
    <i18n>
      <EnableI18N LFM="False"/>
    </i18n>
    <VersionInfo>
      <StringTable ProductVersion=""/>
    </VersionInfo>
    <BuildModes Count="1">
      <Item1 Name="Default" Default="True"/>
    </BuildModes>
    <PublishOptions>
      <Version Value="2"/>
      <IncludeFileFilter Value="*.(pas|pp|inc|lfm|lpr|lrs|lpi|lpk|sh|xml)"/>
      <ExcludeFileFilter Value="*.(bak|ppu|o|so);*~;backup"/>
    </PublishOptions>
    <RunParams>
      <local>
        <FormatVersion Value="1"/>
        <LaunchingApplication PathPlusParams="\usr\bin\xterm -T 'Lazarus Run Output' -e $(LazarusDir)\tools\runwait.sh $(TargetCmdLine)"/>
      </local>
    </RunParams>
    <RequiredPackages Count="1">
      <Item1>
        <PackageName Value="LCL"/>
      </Item1>
    </RequiredPackages>
    <Units Count="9">
      <Unit0>
        <Filename Value="davecad.lpr"/>
        <IsPartOfProject Value="True"/>
        <UnitName Value="davecad"/>
      </Unit0>
      <Unit1>
        <Filename Value="davecad_main.pas"/>
        <IsPartOfProject Value="True"/>
        <ComponentName Value="frmMain"/>
        <HasResources Value="True"/>
        <ResourceBaseClass Value="Form"/>
        <UnitName Value="davecad_main"/>
      </Unit1>
      <Unit2>
        <Filename Value="davecad_file.pas"/>
        <IsPartOfProject Value="True"/>
        <UnitName Value="davecad_file"/>
      </Unit2>
      <Unit3>
        <Filename Value="davecad_error.pas"/>
        <IsPartOfProject Value="True"/>
        <UnitName Value="davecad_error"/>
      </Unit3>
      <Unit4>
        <Filename Value="davecad_file_parser.pas"/>
        <IsPartOfProject Value="True"/>
        <UnitName Value="davecad_file_parser"/>
      </Unit4>
      <Unit5>
        <Filename Value="davecad_renderer.pas"/>
        <IsPartOfProject Value="True"/>
        <UnitName Value="davecad_renderer"/>
      </Unit5>
      <Unit6>
        <Filename Value="davecad_sheet_properties_form.pas"/>
        <IsPartOfProject Value="True"/>
        <ComponentName Value="frmSheetProps"/>
        <HasResources Value="True"/>
        <ResourceBaseClass Value="Form"/>
        <UnitName Value="davecad_sheet_properties_form"/>
      </Unit6>
      <Unit7>
        <Filename Value="davecad_about.pas"/>
        <IsPartOfProject Value="True"/>
        <ComponentName Value="frmAbout"/>
        <ResourceBaseClass Value="Form"/>
        <UnitName Value="davecad_about"/>
      </Unit7>
      <Unit8>
        <Filename Value="davecad_enum.pas"/>
        <IsPartOfProject Value="True"/>
        <UnitName Value="davecad_enum"/>
      </Unit8>
    </Units>
  </ProjectOptions>
  <CompilerOptions>
    <Version Value="11"/>
    <PathDelim Value="\"/>
    <Target>
      <Filename Value="davecad"/>
    </Target>
    <SearchPaths>
      <IncludeFiles Value="$(ProjOutDir)"/>
      <UnitOutputDirectory Value="lib\$(TargetCPU)-$(TargetOS)"/>
    </SearchPaths>
    <Linking>
      <Options>
        <Win32>
          <GraphicApplication Value="True"/>
        </Win32>
      </Options>
    </Linking>
    <Other>
      <CompilerPath Value="$(CompPath)"/>
    </Other>
  </CompilerOptions>
  <Debugging>
    <Exceptions Count="6">
      <Item1>
        <Name Value="EAbort"/>
      </Item1>
      <Item2>
        <Name Value="ECodetoolError"/>
      </Item2>
      <Item3>
        <Name Value="EFOpenError"/>
      </Item3>
      <Item4>
        <Name Value="EXMLReadError"/>
      </Item4>
      <Item5>
        <Name Value="EAccessViolation"/>
      </Item5>
      <Item6>
        <Name Value="EDivByZero"/>
      </Item6>
    </Exceptions>
  </Debugging>
</CONFIG>
